
Microsoft Visual Studio Solution File, Format Version 12.00
# Visual Studio Version 16
VisualStudioVersion = 16.0.30011.22
MinimumVisualStudioVersion = 10.0.40219.1
Project("{FAE04EC0-301F-11D3-BF4B-00C04F79EFBC}") = "FE Migration Test App", "FE Migration Test App\FE Migration Test App.csproj", "{9193FD18-88FC-40B2-AA00-F242C3063097}"
EndProject
Global
	GlobalSection(SolutionConfigurationPlatforms) = preSolution
		Debug|Any CPU = Debug|Any CPU
		Release|Any CPU = Release|Any CPU
	EndGlobalSection
	GlobalSection(ProjectConfigurationPlatforms) = postSolution
		{9193FD18-88FC-40B2-AA00-F242C3063097}.Debug|Any CPU.ActiveCfg = Debug|Any CPU
		{9193FD18-88FC-40B2-AA00-F242C3063097}.Debug|Any CPU.Build.0 = Debug|Any CPU
		{9193FD18-88FC-40B2-AA00-F242C3063097}.Release|Any CPU.ActiveCfg = Release|Any CPU
		{9193FD18-88FC-40B2-AA00-F242C3063097}.Release|Any CPU.Build.0 = Release|Any CPU
	EndGlobalSection
	GlobalSection(SolutionProperties) = preSolution
		HideSolutionNode = FALSE
	EndGlobalSection
	GlobalSection(ExtensibilityGlobals) = postSolution
		SolutionGuid = {9AF83362-7703-4ED2-8053-98C15D353AC3}
	EndGlobalSection
EndGlobal
